
Microsoft Visual Studio Solution File, Format Version 12.00
# Visual Studio Version 17
VisualStudioVersion = 17.3.32804.467
MinimumVisualStudioVersion = 10.0.40219.1
Project("{FAE04EC0-301F-11D3-BF4B-00C04F79EFBC}") = "ProjectTrainingToiecs", "ProjectTrainingToiecs\ProjectTrainingToiecs.csproj", "{DBD0C6E5-E1F9-4402-8A44-931F5A936B98}"
EndProject
Global
	GlobalSection(SolutionConfigurationPlatforms) = preSolution
		Debug|Any CPU = Debug|Any CPU
		Release|Any CPU = Release|Any CPU
	EndGlobalSection
	GlobalSection(ProjectConfigurationPlatforms) = postSolution
		{DBD0C6E5-E1F9-4402-8A44-931F5A936B98}.Debug|Any CPU.ActiveCfg = Debug|Any CPU
		{DBD0C6E5-E1F9-4402-8A44-931F5A936B98}.Debug|Any CPU.Build.0 = Debug|Any CPU
		{DBD0C6E5-E1F9-4402-8A44-931F5A936B98}.Release|Any CPU.ActiveCfg = Release|Any CPU
		{DBD0C6E5-E1F9-4402-8A44-931F5A936B98}.Release|Any CPU.Build.0 = Release|Any CPU
	EndGlobalSection
	GlobalSection(SolutionProperties) = preSolution
		HideSolutionNode = FALSE
	EndGlobalSection
	GlobalSection(ExtensibilityGlobals) = postSolution
		SolutionGuid = {FFD6ADE4-EADB-4C81-B163-05CDF92B7708}
	EndGlobalSection
EndGlobal
